PODS:
  - AAInfographics (9.0.0)

DEPENDENCIES:
  - AAInfographics (from `https://github.com/AAChartModel/AAChartKit-Swift.git`)

EXTERNAL SOURCES:
  AAInfographics:
    :git: https://github.com/AAChartModel/AAChartKit-Swift.git

CHECKOUT OPTIONS:
  AAInfographics:
    :commit: 7c63ca5ee77d02f057fb7598bd1ae11301161282
    :git: https://github.com/AAChartModel/AAChartKit-Swift.git

SPEC CHECKSUMS:
  AAInfographics: 31fd2891509a97e34693aeaf681daa7b2b4d8c0f

PODFILE CHECKSUM: 8ce3dd10ca0329516437a307cebe729d989d06f3

COCOAPODS: 1.14.3
